// !$*UTF8*$!
{
	archiveVersion = 1;
	classes = {
	};
	objectVersion = 55;
	objects = {

/* Begin PBXBuildFile section */
		F258546B2749C672000E05E8 /* AppDelegate.swift in Sources */ = {isa = PBXBuildFile; fileRef = F258546A2749C672000E05E8 /* AppDelegate.swift */; };
		F258546D2749C672000E05E8 /* SceneDelegate.swift in Sources */ = {isa = PBXBuildFile; fileRef = F258546C2749C672000E05E8 /* SceneDelegate.swift */; };
		F258546F2749C672000E05E8 /* ViewController.swift in Sources */ = {isa = PBXBuildFile; fileRef = F258546E2749C672000E05E8 /* ViewController.swift */; };
		F25854722749C672000E05E8 /* Main.storyboard in Resources */ = {isa = PBXBuildFile; fileRef = F25854702749C672000E05E8 /* Main.storyboard */; };
		F25854742749C674000E05E8 /* Assets.xcassets in Resources */ = {isa = PBXBuildFile; fileRef = F25854732749C674000E05E8 /* Assets.xcassets */; };
		F25854772749C674000E05E8 /* LaunchScreen.storyboard in Resources */ = {isa = PBXBuildFile; fileRef = F25854752749C674000E05E8 /* LaunchScreen.storyboard */; };
		F25854822749C674000E05E8 /* indiKadai_2Tests.swift in Sources */ = {isa = PBXBuildFile; fileRef = F25854812749C674000E05E8 /* indiKadai_2Tests.swift */; };
		F258548C2749C674000E05E8 /* indiKadai_2UITests.swift in Sources */ = {isa = PBXBuildFile; fileRef = F258548B2749C674000E05E8 /* indiKadai_2UITests.swift */; };
		F258548E2749C674000E05E8 /* indiKadai_2UITestsLaunchTests.swift in Sources */ = {isa = PBXBuildFile; fileRef = F258548D2749C674000E05E8 /* indiKadai_2UITestsLaunchTests.swift */; };
/* End PBXBuildFile section */

/* Begin PBXContainerItemProxy section */
		F258547E2749C674000E05E8 /* PBXContainerItemProxy */ = {
			isa = PBXContainerItemProxy;
			containerPortal = F258545F2749C672000E05E8 /* Project object */;
			proxyType = 1;
			remoteGlobalIDString = F25854662749C672000E05E8;
			remoteInfo = "indiKadai-2";
		};
		F25854882749C674000E05E8 /* PBXContainerItemProxy */ = {
			isa = PBXContainerItemProxy;
			containerPortal = F258545F2749C672000E05E8 /* Project object */;
			proxyType = 1;
			remoteGlobalIDString = F25854662749C672000E05E8;
			remoteInfo = "indiKadai-2";
		};
/* End PBXContainerItemProxy section */

/* Begin PBXCopyFilesBuildPhase section */
		F258549A2749C77C000E05E8 /* CopyFiles */ = {
			isa = PBXCopyFilesBuildPhase;
			buildActionMask = 2147483647;
			dstPath = "";
			dstSubfolderSpec = 7;
			files = (
			);
			runOnlyForDeploymentPostprocessing = 0;
		};
/* End PBXCopyFilesBuildPhase section */

/* Begin PBXFileReference section */
		F25854672749C672000E05E8 /* indiKadai-2.app */ = {isa = PBXFileReference; explicitFileType = wrapper.application; includeInIndex = 0; path = "indiKadai-2.app"; sourceTree = BUILT_PRODUCTS_DIR; };
		F258546A2749C672000E05E8 /* AppDelegate.swift */ = {isa = PBXFileReference; lastKnownFileType = sourcecode.swift; path = AppDelegate.swift; sourceTree = "<group>"; };
		F258546C2749C672000E05E8 /* SceneDelegate.swift */ = {isa = PBXFileReference; lastKnownFileType = sourcecode.swift; path = SceneDelegate.swift; sourceTree = "<group>"; };
		F258546E2749C672000E05E8 /* ViewController.swift */ = {isa = PBXFileReference; lastKnownFileType = sourcecode.swift; path = ViewController.swift; sourceTree = "<group>"; };
		F25854712749C672000E05E8 /* Base */ = {isa = PBXFileReference; lastKnownFileType = file.storyboard; name = Base; path = Base.lproj/Main.storyboard; sourceTree = "<group>"; };
		F25854732749C674000E05E8 /* Assets.xcassets */ = {isa = PBXFileReference; lastKnownFileType = folder.assetcatalog; path = Assets.xcassets; sourceTree = "<group>"; };
		F25854762749C674000E05E8 /* Base */ = {isa = PBXFileReference; lastKnownFileType = file.storyboard; name = Base; path = Base.lproj/LaunchScreen.storyboard; sourceTree = "<group>"; };
		F25854782749C674000E05E8 /* Info.plist */ = {isa = PBXFileReference; lastKnownFileType = text.plist.xml; path = Info.plist; sourceTree = "<group>"; };
		F258547D2749C674000E05E8 /* indiKadai-2Tests.xctest */ = {isa = PBXFileReference; explicitFileType = wrapper.cfbundle; includeInIndex = 0; path = "indiKadai-2Tests.xctest"; sourceTree = BUILT_PRODUCTS_DIR; };
		F25854812749C674000E05E8 /* indiKadai_2Tests.swift */ = {isa = PBXFileReference; lastKnownFileType = sourcecode.swift; path = indiKadai_2Tests.swift; sourceTree = "<group>"; };
		F25854872749C674000E05E8 /* indiKadai-2UITests.xctest */ = {isa = PBXFileReference; explicitFileType = wrapper.cfbundle; includeInIndex = 0; path = "indiKadai-2UITests.xctest"; sourceTree = BUILT_PRODUCTS_DIR; };
		F258548B2749C674000E05E8 /* indiKadai_2UITests.swift */ = {isa = PBXFileReference; lastKnownFileType = sourcecode.swift; path = indiKadai_2UITests.swift; sourceTree = "<group>"; };
		F258548D2749C674000E05E8 /* indiKadai_2UITestsLaunchTests.swift */ = {isa = PBXFileReference; lastKnownFileType = sourcecode.swift; path = indiKadai_2UITestsLaunchTests.swift; sourceTree = "<group>"; };
/* End PBXFileReference section */

/* Begin PBXFrameworksBuildPhase section */
		F25854642749C672000E05E8 /* Frameworks */ = {
			isa = PBXFrameworksBuildPhase;
			buildActionMask = 2147483647;
			files = (
			);
			runOnlyForDeploymentPostprocessing = 0;
		};
		F258547A2749C674000E05E8 /* Frameworks */ = {
			isa = PBXFrameworksBuildPhase;
			buildActionMask = 2147483647;
			files = (
			);
			runOnlyForDeploymentPostprocessing = 0;
		};
		F25854842749C674000E05E8 /* Frameworks */ = {
			isa = PBXFrameworksBuildPhase;
			buildActionMask = 2147483647;
			files = (
			);
			runOnlyForDeploymentPostprocessing = 0;
		};
/* End PBXFrameworksBuildPhase section */

/* Begin PBXGroup section */
		F258545E2749C672000E05E8 = {
			isa = PBXGroup;
			children = (
				F25854692749C672000E05E8 /* indiKadai-2 */,
				F25854802749C674000E05E8 /* indiKadai-2Tests */,
				F258548A2749C674000E05E8 /* indiKadai-2UITests */,
				F25854682749C672000E05E8 /* Products */,
			);
			sourceTree = "<group>";
		};
		F25854682749C672000E05E8 /* Products */ = {
			isa = PBXGroup;
			children = (
				F25854672749C672000E05E8 /* indiKadai-2.app */,
				F258547D2749C674000E05E8 /* indiKadai-2Tests.xctest */,
				F25854872749C674000E05E8 /* indiKadai-2UITests.xctest */,
			);
			name = Products;
			sourceTree = "<group>";
		};
		F25854692749C672000E05E8 /* indiKadai-2 */ = {
			isa = PBXGroup;
			children = (
				F258546A2749C672000E05E8 /* AppDelegate.swift */,
				F258546C2749C672000E05E8 /* SceneDelegate.swift */,
				F258546E2749C672000E05E8 /* ViewController.swift */,
				F25854702749C672000E05E8 /* Main.storyboard */,
				F25854732749C674000E05E8 /* Assets.xcassets */,
				F25854752749C674000E05E8 /* LaunchScreen.storyboard */,
				F25854782749C674000E05E8 /* Info.plist */,
			);
			path = "indiKadai-2";
			sourceTree = "<group>";
		};
		F25854802749C674000E05E8 /* indiKadai-2Tests */ = {
			isa = PBXGroup;
			children = (
				F25854812749C674000E05E8 /* indiKadai_2Tests.swift */,
			);
			path = "indiKadai-2Tests";
			sourceTree = "<group>";
		};
		F258548A2749C674000E05E8 /* indiKadai-2UITests */ = {
			isa = PBXGroup;
			children = (
				F258548B2749C674000E05E8 /* indiKadai_2UITests.swift */,
				F258548D2749C674000E05E8 /* indiKadai_2UITestsLaunchTests.swift */,
			);
			path = "indiKadai-2UITests";
			sourceTree = "<group>";
		};
/* End PBXGroup section */

/* Begin PBXNativeTarget section */
		F25854662749C672000E05E8 /* indiKadai-2 */ = {
			isa = PBXNativeTarget;
			buildConfigurationList = F25854912749C674000E05E8 /* Build configuration list for PBXNativeTarget "indiKadai-2" */;
			buildPhases = (
				F25854632749C672000E05E8 /* Sources */,
				F25854642749C672000E05E8 /* Frameworks */,
				F25854652749C672000E05E8 /* Resources */,
				F258549A2749C77C000E05E8 /* CopyFiles */,
				F258549B2749C783000E05E8 /* ShellScript */,
			);
			buildRules = (
			);
			dependencies = (
			);
			name = "indiKadai-2";
			productName = "indiKadai-2";
			productReference = F25854672749C672000E05E8 /* indiKadai-2.app */;
			productType = "com.apple.product-type.application";
		};
		F258547C2749C674000E05E8 /* indiKadai-2Tests */ = {
			isa = PBXNativeTarget;
			buildConfigurationList = F25854942749C674000E05E8 /* Build configuration list for PBXNativeTarget "indiKadai-2Tests" */;
			buildPhases = (
				F25854792749C674000E05E8 /* Sources */,
				F258547A2749C674000E05E8 /* Frameworks */,
				F258547B2749C674000E05E8 /* Resources */,
			);
			buildRules = (
			);
			dependencies = (
				F258547F2749C674000E05E8 /* PBXTargetDependency */,
			);
			name = "indiKadai-2Tests";
			productName = "indiKadai-2Tests";
			productReference = F258547D2749C674000E05E8 /* indiKadai-2Tests.xctest */;
			productType = "com.apple.product-type.bundle.unit-test";
		};
		F25854862749C674000E05E8 /* indiKadai-2UITests */ = {
			isa = PBXNativeTarget;
			buildConfigurationList = F25854972749C674000E05E8 /* Build configuration list for PBXNativeTarget "indiKadai-2UITests" */;
			buildPhases = (
				F25854832749C674000E05E8 /* Sources */,
				F25854842749C674000E05E8 /* Frameworks */,
				F25854852749C674000E05E8 /* Resources */,
			);
			buildRules = (
			);
			dependencies = (
				F25854892749C674000E05E8 /* PBXTargetDependency */,
			);
			name = "indiKadai-2UITests";
			productName = "indiKadai-2UITests";
			productReference = F25854872749C674000E05E8 /* indiKadai-2UITests.xctest */;
			productType = "com.apple.product-type.bundle.ui-testing";
		};
/* End PBXNativeTarget section */

/* Begin PBXProject section */
		F258545F2749C672000E05E8 /* Project object */ = {
			isa = PBXProject;
			attributes = {
				BuildIndependentTargetsInParallel = 1;
				LastSwiftUpdateCheck = 1310;
				LastUpgradeCheck = 1310;
				TargetAttributes = {
					F25854662749C672000E05E8 = {
						CreatedOnToolsVersion = 13.1;
					};
					F258547C2749C674000E05E8 = {
						CreatedOnToolsVersion = 13.1;
						TestTargetID = F25854662749C672000E05E8;
					};
					F25854862749C674000E05E8 = {
						CreatedOnToolsVersion = 13.1;
						TestTargetID = F25854662749C672000E05E8;
					};
				};
			};
			buildConfigurationList = F25854622749C672000E05E8 /* Build configuration list for PBXProject "indiKadai-2" */;
			compatibilityVersion = "Xcode 13.0";
			developmentRegion = en;
			hasScannedForEncodings = 0;
			knownRegions = (
				en,
				Base,
			);
			mainGroup = F258545E2749C672000E05E8;
			productRefGroup = F25854682749C672000E05E8 /* Products */;
			projectDirPath = "";
			projectRoot = "";
			targets = (
				F25854662749C672000E05E8 /* indiKadai-2 */,
				F258547C2749C674000E05E8 /* indiKadai-2Tests */,
				F25854862749C674000E05E8 /* indiKadai-2UITests */,
			);
		};
/* End PBXProject section */

/* Begin PBXResourcesBuildPhase section */
		F25854652749C672000E05E8 /* Resources */ = {
			isa = PBXResourcesBuildPhase;
			buildActionMask = 2147483647;
			files = (
				F25854772749C674000E05E8 /* LaunchScreen.storyboard in Resources */,
				F25854742749C674000E05E8 /* Assets.xcassets in Resources */,
				F25854722749C672000E05E8 /* Main.storyboard in Resources */,
			);
			runOnlyForDeploymentPostprocessing = 0;
		};
		F258547B2749C674000E05E8 /* Resources */ = {
			isa = PBXResourcesBuildPhase;
			buildActionMask = 2147483647;
			files = (
			);
			runOnlyForDeploymentPostprocessing = 0;
		};
		F25854852749C674000E05E8 /* Resources */ = {
			isa = PBXResourcesBuildPhase;
			buildActionMask = 2147483647;
			files = (
			);
			runOnlyForDeploymentPostprocessing = 0;
		};
/* End PBXResourcesBuildPhase section */

/* Begin PBXShellScriptBuildPhase section */
		F258549B2749C783000E05E8 /* ShellScript */ = {
			isa = PBXShellScriptBuildPhase;
			buildActionMask = 2147483647;
			files = (
			);
			inputFileListPaths = (
			);
			inputPaths = (
			);
			outputFileListPaths = (
			);
			outputPaths = (
			);
			runOnlyForDeploymentPostprocessing = 0;
			shellPath = /bin/sh;
			shellScript = "if which swiftlint >/dev/null; then\n  swiftlint\nelse\n  echo \"warning: SwiftLint not installed, download from https://github.com/realm/SwiftLint\"\nfi\n";
		};
/* End PBXShellScriptBuildPhase section */

/* Begin PBXSourcesBuildPhase section */
		F25854632749C672000E05E8 /* Sources */ = {
			isa = PBXSourcesBuildPhase;
			buildActionMask = 2147483647;
			files = (
				F258546F2749C672000E05E8 /* ViewController.swift in Sources */,
				F258546B2749C672000E05E8 /* AppDelegate.swift in Sources */,
				F258546D2749C672000E05E8 /* SceneDelegate.swift in Sources */,
			);
			runOnlyForDeploymentPostprocessing = 0;
		};
		F25854792749C674000E05E8 /* Sources */ = {
			isa = PBXSourcesBuildPhase;
			buildActionMask = 2147483647;
			files = (
				F25854822749C674000E05E8 /* indiKadai_2Tests.swift in Sources */,
			);
			runOnlyForDeploymentPostprocessing = 0;
		};
		F25854832749C674000E05E8 /* Sources */ = {
			isa = PBXSourcesBuildPhase;
			buildActionMask = 2147483647;
			files = (
				F258548E2749C674000E05E8 /* indiKadai_2UITestsLaunchTests.swift in Sources */,
				F258548C2749C674000E05E8 /* indiKadai_2UITests.swift in Sources */,
			);
			runOnlyForDeploymentPostprocessing = 0;
		};
/* End PBXSourcesBuildPhase section */

/* Begin PBXTargetDependency section */
		F258547F2749C674000E05E8 /* PBXTargetDependency */ = {
			isa = PBXTargetDependency;
			target = F25854662749C672000E05E8 /* indiKadai-2 */;
			targetProxy = F258547E2749C674000E05E8 /* PBXContainerItemProxy */;
		};
		F25854892749C674000E05E8 /* PBXTargetDependency */ = {
			isa = PBXTargetDependency;
			target = F25854662749C672000E05E8 /* indiKadai-2 */;
			targetProxy = F25854882749C674000E05E8 /* PBXContainerItemProxy */;
		};
/* End PBXTargetDependency section */

/* Begin PBXVariantGroup section */
		F25854702749C672000E05E8 /* Main.storyboard */ = {
			isa = PBXVariantGroup;
			children = (
				F25854712749C672000E05E8 /* Base */,
			);
			name = Main.storyboard;
			sourceTree = "<group>";
		};
		F25854752749C674000E05E8 /* LaunchScreen.storyboard */ = {
			isa = PBXVariantGroup;
			children = (
				F25854762749C674000E05E8 /* Base */,
			);
			name = LaunchScreen.storyboard;
			sourceTree = "<group>";
		};
/* End PBXVariantGroup section */

/* Begin XCBuildConfiguration section */
		F258548F2749C674000E05E8 /* Debug */ = {
			isa = XCBuildConfiguration;
			buildSettings = {
				ALWAYS_SEARCH_USER_PATHS = NO;
				CLANG_ANALYZER_NONNULL = YES;
				CLANG_ANALYZER_NUMBER_OBJECT_CONVERSION = YES_AGGRESSIVE;
				CLANG_CXX_LANGUAGE_STANDARD = "gnu++17";
				CLANG_CXX_LIBRARY = "libc++";
				CLANG_ENABLE_MODULES = YES;
				CLANG_ENABLE_OBJC_ARC = YES;
				CLANG_ENABLE_OBJC_WEAK = YES;
				CLANG_WARN_BLOCK_CAPTURE_AUTORELEASING = YES;
				CLANG_WARN_BOOL_CONVERSION = YES;
				CLANG_WARN_COMMA = YES;
				CLANG_WARN_CONSTANT_CONVERSION = YES;
				CLANG_WARN_DEPRECATED_OBJC_IMPLEMENTATIONS = YES;
				CLANG_WARN_DIRECT_OBJC_ISA_USAGE = YES_ERROR;
				CLANG_WARN_DOCUMENTATION_COMMENTS = YES;
				CLANG_WARN_EMPTY_BODY = YES;
				CLANG_WARN_ENUM_CONVERSION = YES;
				CLANG_WARN_INFINITE_RECURSION = YES;
				CLANG_WARN_INT_CONVERSION = YES;
				CLANG_WARN_NON_LITERAL_NULL_CONVERSION = YES;
				CLANG_WARN_OBJC_IMPLICIT_RETAIN_SELF = YES;
				CLANG_WARN_OBJC_LITERAL_CONVERSION = YES;
				CLANG_WARN_OBJC_ROOT_CLASS = YES_ERROR;
				CLANG_WARN_QUOTED_INCLUDE_IN_FRAMEWORK_HEADER = YES;
				CLANG_WARN_RANGE_LOOP_ANALYSIS = YES;
				CLANG_WARN_STRICT_PROTOTYPES = YES;
				CLANG_WARN_SUSPICIOUS_MOVE = YES;
				CLANG_WARN_UNGUARDED_AVAILABILITY = YES_AGGRESSIVE;
				CLANG_WARN_UNREACHABLE_CODE = YES;
				CLANG_WARN__DUPLICATE_METHOD_MATCH = YES;
				COPY_PHASE_STRIP = NO;
				DEBUG_INFORMATION_FORMAT = dwarf;
				ENABLE_STRICT_OBJC_MSGSEND = YES;
				ENABLE_TESTABILITY = YES;
				GCC_C_LANGUAGE_STANDARD = gnu11;
				GCC_DYNAMIC_NO_PIC = NO;
				GCC_NO_COMMON_BLOCKS = YES;
				GCC_OPTIMIZATION_LEVEL = 0;
				GCC_PREPROCESSOR_DEFINITIONS = (
					"DEBUG=1",
					"$(inherited)",
				);
				GCC_WARN_64_TO_32_BIT_CONVERSION = YES;
				GCC_WARN_ABOUT_RETURN_TYPE = YES_ERROR;
				GCC_WARN_UNDECLARED_SELECTOR = YES;
				GCC_WARN_UNINITIALIZED_AUTOS = YES_AGGRESSIVE;
				GCC_WARN_UNUSED_FUNCTION = YES;
				GCC_WARN_UNUSED_VARIABLE = YES;
				IPHONEOS_DEPLOYMENT_TARGET = 15.0;
				MTL_ENABLE_DEBUG_INFO = INCLUDE_SOURCE;
				MTL_FAST_MATH = YES;
				ONLY_ACTIVE_ARCH = YES;
				SDKROOT = iphoneos;
				SWIFT_ACTIVE_COMPILATION_CONDITIONS = DEBUG;
				SWIFT_OPTIMIZATION_LEVEL = "-Onone";
			};
			name = Debug;
		};
		F25854902749C674000E05E8 /* Release */ = {
			isa = XCBuildConfiguration;
			buildSettings = {
				ALWAYS_SEARCH_USER_PATHS = NO;
				CLANG_ANALYZER_NONNULL = YES;
				CLANG_ANALYZER_NUMBER_OBJECT_CONVERSION = YES_AGGRESSIVE;
				CLANG_CXX_LANGUAGE_STANDARD = "gnu++17";
				CLANG_CXX_LIBRARY = "libc++";
				CLANG_ENABLE_MODULES = YES;
				CLANG_ENABLE_OBJC_ARC = YES;
				CLANG_ENABLE_OBJC_WEAK = YES;
				CLANG_WARN_BLOCK_CAPTURE_AUTORELEASING = YES;
				CLANG_WARN_BOOL_CONVERSION = YES;
				CLANG_WARN_COMMA = YES;
				CLANG_WARN_CONSTANT_CONVERSION = YES;
				CLANG_WARN_DEPRECATED_OBJC_IMPLEMENTATIONS = YES;
				CLANG_WARN_DIRECT_OBJC_ISA_USAGE = YES_ERROR;
				CLANG_WARN_DOCUMENTATION_COMMENTS = YES;
				CLANG_WARN_EMPTY_BODY = YES;
				CLANG_WARN_ENUM_CONVERSION = YES;
				CLANG_WARN_INFINITE_RECURSION = YES;
				CLANG_WARN_INT_CONVERSION = YES;
				CLANG_WARN_NON_LITERAL_NULL_CONVERSION = YES;
				CLANG_WARN_OBJC_IMPLICIT_RETAIN_SELF = YES;
				CLANG_WARN_OBJC_LITERAL_CONVERSION = YES;
				CLANG_WARN_OBJC_ROOT_CLASS = YES_ERROR;
				CLANG_WARN_QUOTED_INCLUDE_IN_FRAMEWORK_HEADER = YES;
				CLANG_WARN_RANGE_LOOP_ANALYSIS = YES;
				CLANG_WARN_STRICT_PROTOTYPES = YES;
				CLANG_WARN_SUSPICIOUS_MOVE = YES;
				CLANG_WARN_UNGUARDED_AVAILABILITY = YES_AGGRESSIVE;
				CLANG_WARN_UNREACHABLE_CODE = YES;
				CLANG_WARN__DUPLICATE_METHOD_MATCH = YES;
				COPY_PHASE_STRIP = NO;
				DEBUG_INFORMATION_FORMAT = "dwarf-with-dsym";
				ENABLE_NS_ASSERTIONS = NO;
				ENABLE_STRICT_OBJC_MSGSEND = YES;
				GCC_C_LANGUAGE_STANDARD = gnu11;
				GCC_NO_COMMON_BLOCKS = YES;
				GCC_WARN_64_TO_32_BIT_CONVERSION = YES;
				GCC_WARN_ABOUT_RETURN_TYPE = YES_ERROR;
				GCC_WARN_UNDECLARED_SELECTOR = YES;
				GCC_WARN_UNINITIALIZED_AUTOS = YES_AGGRESSIVE;
				GCC_WARN_UNUSED_FUNCTION = YES;
				GCC_WARN_UNUSED_VARIABLE = YES;
				IPHONEOS_DEPLOYMENT_TARGET = 15.0;
				MTL_ENABLE_DEBUG_INFO = NO;
				MTL_FAST_MATH = YES;
				SDKROOT = iphoneos;
				SWIFT_COMPILATION_MODE = wholemodule;
				SWIFT_OPTIMIZATION_LEVEL = "-O";
				VALIDATE_PRODUCT = YES;
			};
			name = Release;
		};
		F25854922749C674000E05E8 /* Debug */ = {
			isa = XCBuildConfiguration;
			buildSettings = {
				ASSETCATALOG_COMPILER_APPICON_NAME = AppIcon;
				ASSETCATALOG_COMPILER_GLOBAL_ACCENT_COLOR_NAME = AccentColor;
				CODE_SIGN_STYLE = Automatic;
				CURRENT_PROJECT_VERSION = 1;
				DEVELOPMENT_TEAM = 69MAR4S32D;
				GENERATE_INFOPLIST_FILE = YES;
				INFOPLIST_FILE = "indiKadai-2/Info.plist";
				INFOPLIST_KEY_UIApplicationSupportsIndirectInputEvents = YES;
				INFOPLIST_KEY_UILaunchStoryboardName = LaunchScreen;
				INFOPLIST_KEY_UIMainStoryboardFile = Main;
				INFOPLIST_KEY_UISupportedInterfaceOrientations_iPad = "UIInterfaceOrientationPortrait UIInterfaceOrientationPortraitUpsideDown UIInterfaceOrientationLandscapeLeft UIInterfaceOrientationLandscapeRight";
				INFOPLIST_KEY_UISupportedInterfaceOrientations_iPhone = "UIInterfaceOrientationPortrait UIInterfaceOrientationLandscapeLeft UIInterfaceOrientationLandscapeRight";
				LD_RUNPATH_SEARCH_PATHS = (
					"$(inherited)",
					"@executable_path/Frameworks",
				);
				MARKETING_VERSION = 1.0;
				PRODUCT_BUNDLE_IDENTIFIER = "com.TaishiKusunose.indiKadai-2";
				PRODUCT_NAME = "$(TARGET_NAME)";
				SWIFT_EMIT_LOC_STRINGS = YES;
				SWIFT_VERSION = 5.0;
				TARGETED_DEVICE_FAMILY = "1,2";
			};
			name = Debug;
		};
		F25854932749C674000E05E8 /* Release */ = {
			isa = XCBuildConfiguration;
			buildSettings = {
				ASSETCATALOG_COMPILER_APPICON_NAME = AppIcon;
				ASSETCATALOG_COMPILER_GLOBAL_ACCENT_COLOR_NAME = AccentColor;
				CODE_SIGN_STYLE = Automatic;
				CURRENT_PROJECT_VERSION = 1;
				DEVELOPMENT_TEAM = 69MAR4S32D;
				GENERATE_INFOPLIST_FILE = YES;
				INFOPLIST_FILE = "indiKadai-2/Info.plist";
				INFOPLIST_KEY_UIApplicationSupportsIndirectInputEvents = YES;
				INFOPLIST_KEY_UILaunchStoryboardName = LaunchScreen;
				INFOPLIST_KEY_UIMainStoryboardFile = Main;
				INFOPLIST_KEY_UISupportedInterfaceOrientations_iPad = "UIInterfaceOrientationPortrait UIInterfaceOrientationPortraitUpsideDown UIInterfaceOrientationLandscapeLeft UIInterfaceOrientationLandscapeRight";
				INFOPLIST_KEY_UISupportedInterfaceOrientations_iPhone = "UIInterfaceOrientationPortrait UIInterfaceOrientationLandscapeLeft UIInterfaceOrientationLandscapeRight";
				LD_RUNPATH_SEARCH_PATHS = (
					"$(inherited)",
					"@executable_path/Frameworks",
				);
				MARKETING_VERSION = 1.0;
				PRODUCT_BUNDLE_IDENTIFIER = "com.TaishiKusunose.indiKadai-2";
				PRODUCT_NAME = "$(TARGET_NAME)";
				SWIFT_EMIT_LOC_STRINGS = YES;
				SWIFT_VERSION = 5.0;
				TARGETED_DEVICE_FAMILY = "1,2";
			};
			name = Release;
		};
		F25854952749C674000E05E8 /* Debug */ = {
			isa = XCBuildConfiguration;
			buildSettings = {
				ALWAYS_EMBED_SWIFT_STANDARD_LIBRARIES = YES;
				BUNDLE_LOADER = "$(TEST_HOST)";
				CODE_SIGN_STYLE = Automatic;
				CURRENT_PROJECT_VERSION = 1;
				DEVELOPMENT_TEAM = 69MAR4S32D;
				GENERATE_INFOPLIST_FILE = YES;
				IPHONEOS_DEPLOYMENT_TARGET = 15.0;
				LD_RUNPATH_SEARCH_PATHS = (
					"$(inherited)",
					"@executable_path/Frameworks",
					"@loader_path/Frameworks",
				);
				MARKETING_VERSION = 1.0;
				PRODUCT_BUNDLE_IDENTIFIER = "com.TaishiKusunose.indiKadai-2Tests";
				PRODUCT_NAME = "$(TARGET_NAME)";
				SWIFT_EMIT_LOC_STRINGS = NO;
				SWIFT_VERSION = 5.0;
				TARGETED_DEVICE_FAMILY = "1,2";
				TEST_HOST = "$(BUILT_PRODUCTS_DIR)/indiKadai-2.app/indiKadai-2";
			};
			name = Debug;
		};
		F25854962749C674000E05E8 /* Release */ = {
			isa = XCBuildConfiguration;
			buildSettings = {
				ALWAYS_EMBED_SWIFT_STANDARD_LIBRARIES = YES;
				BUNDLE_LOADER = "$(TEST_HOST)";
				CODE_SIGN_STYLE = Automatic;
				CURRENT_PROJECT_VERSION = 1;
				DEVELOPMENT_TEAM = 69MAR4S32D;
				GENERATE_INFOPLIST_FILE = YES;
				IPHONEOS_DEPLOYMENT_TARGET = 15.0;
				LD_RUNPATH_SEARCH_PATHS = (
					"$(inherited)",
					"@executable_path/Frameworks",
					"@loader_path/Frameworks",
				);
				MARKETING_VERSION = 1.0;
				PRODUCT_BUNDLE_IDENTIFIER = "com.TaishiKusunose.indiKadai-2Tests";
				PRODUCT_NAME = "$(TARGET_NAME)";
				SWIFT_EMIT_LOC_STRINGS = NO;
				SWIFT_VERSION = 5.0;
				TARGETED_DEVICE_FAMILY = "1,2";
				TEST_HOST = "$(BUILT_PRODUCTS_DIR)/indiKadai-2.app/indiKadai-2";
			};
			name = Release;
		};
		F25854982749C674000E05E8 /* Debug */ = {
			isa = XCBuildConfiguration;
			buildSettings = {
				ALWAYS_EMBED_SWIFT_STANDARD_LIBRARIES = YES;
				CODE_SIGN_STYLE = Automatic;
				CURRENT_PROJECT_VERSION = 1;
				DEVELOPMENT_TEAM = 69MAR4S32D;
				GENERATE_INFOPLIST_FILE = YES;
				LD_RUNPATH_SEARCH_PATHS = (
					"$(inherited)",
					"@executable_path/Frameworks",
					"@loader_path/Frameworks",
				);
				MARKETING_VERSION = 1.0;
				PRODUCT_BUNDLE_IDENTIFIER = "com.TaishiKusunose.indiKadai-2UITests";
				PRODUCT_NAME = "$(TARGET_NAME)";
				SWIFT_EMIT_LOC_STRINGS = NO;
				SWIFT_VERSION = 5.0;
				TARGETED_DEVICE_FAMILY = "1,2";
				TEST_TARGET_NAME = "indiKadai-2";
			};
			name = Debug;
		};
		F25854992749C674000E05E8 /* Release */ = {
			isa = XCBuildConfiguration;
			buildSettings = {
				ALWAYS_EMBED_SWIFT_STANDARD_LIBRARIES = YES;
				CODE_SIGN_STYLE = Automatic;
				CURRENT_PROJECT_VERSION = 1;
				DEVELOPMENT_TEAM = 69MAR4S32D;
				GENERATE_INFOPLIST_FILE = YES;
				LD_RUNPATH_SEARCH_PATHS = (
					"$(inherited)",
					"@executable_path/Frameworks",
					"@loader_path/Frameworks",
				);
				MARKETING_VERSION = 1.0;
				PRODUCT_BUNDLE_IDENTIFIER = "com.TaishiKusunose.indiKadai-2UITests";
				PRODUCT_NAME = "$(TARGET_NAME)";
				SWIFT_EMIT_LOC_STRINGS = NO;
				SWIFT_VERSION = 5.0;
				TARGETED_DEVICE_FAMILY = "1,2";
				TEST_TARGET_NAME = "indiKadai-2";
			};
			name = Release;
		};
/* End XCBuildConfiguration section */

/* Begin XCConfigurationList section */
		F25854622749C672000E05E8 /* Build configuration list for PBXProject "indiKadai-2" */ = {
			isa = XCConfigurationList;
			buildConfigurations = (
				F258548F2749C674000E05E8 /* Debug */,
				F25854902749C674000E05E8 /* Release */,
			);
			defaultConfigurationIsVisible = 0;
			defaultConfigurationName = Release;
		};
		F25854912749C674000E05E8 /* Build configuration list for PBXNativeTarget "indiKadai-2" */ = {
			isa = XCConfigurationList;
			buildConfigurations = (
				F25854922749C674000E05E8 /* Debug */,
				F25854932749C674000E05E8 /* Release */,
			);
			defaultConfigurationIsVisible = 0;
			defaultConfigurationName = Release;
		};
		F25854942749C674000E05E8 /* Build configuration list for PBXNativeTarget "indiKadai-2Tests" */ = {
			isa = XCConfigurationList;
			buildConfigurations = (
				F25854952749C674000E05E8 /* Debug */,
				F25854962749C674000E05E8 /* Release */,
			);
			defaultConfigurationIsVisible = 0;
			defaultConfigurationName = Release;
		};
		F25854972749C674000E05E8 /* Build configuration list for PBXNativeTarget "indiKadai-2UITests" */ = {
			isa = XCConfigurationList;
			buildConfigurations = (
				F25854982749C674000E05E8 /* Debug */,
				F25854992749C674000E05E8 /* Release */,
			);
			defaultConfigurationIsVisible = 0;
			defaultConfigurationName = Release;
		};
/* End XCConfigurationList section */
	};
	rootObject = F258545F2749C672000E05E8 /* Project object */;
}
